
Microsoft Visual Studio Solution File, Format Version 12.00
# Visual Studio Version 17
VisualStudioVersion = 17.7.34024.191
MinimumVisualStudioVersion = 10.0.40219.1
Project("{9A19103F-16F7-4668-BE54-9A1E7A4F7556}") = "Shift.Left.Testing.Poc", "Shift.Left.Testing.Poc\Shift.Left.Testing.Poc.csproj", "{D6E2423F-9A7F-482F-ACF9-5093AD4E2FD4}"
EndProject
Project("{FAE04EC0-301F-11D3-BF4B-00C04F79EFBC}") = "Shift.Left.Testing.Poc.Tests", "Shift.Left.Testing.Poc.Tests\Shift.Left.Testing.Poc.Tests.csproj", "{11599E30-64AE-4A7E-8852-A39AAD597433}"
EndProject
Project("{FAE04EC0-301F-11D3-BF4B-00C04F79EFBC}") = "Shift.Left.testing.Poc.Api.e2e.Tests", "Shift.Left.testing.Poc.Api.e2e.Tests\Shift.Left.testing.Poc.Api.e2e.Tests.csproj", "{C5071706-2A8F-45A1-BE4C-5509A35B3BC6}"
EndProject
Global
	GlobalSection(SolutionConfigurationPlatforms) = preSolution
		Debug|Any CPU = Debug|Any CPU
		Release|Any CPU = Release|Any CPU
	EndGlobalSection
	GlobalSection(ProjectConfigurationPlatforms) = postSolution
		{D6E2423F-9A7F-482F-ACF9-5093AD4E2FD4}.Debug|Any CPU.ActiveCfg = Debug|Any CPU
		{D6E2423F-9A7F-482F-ACF9-5093AD4E2FD4}.Debug|Any CPU.Build.0 = Debug|Any CPU
		{D6E2423F-9A7F-482F-ACF9-5093AD4E2FD4}.Release|Any CPU.ActiveCfg = Release|Any CPU
		{D6E2423F-9A7F-482F-ACF9-5093AD4E2FD4}.Release|Any CPU.Build.0 = Release|Any CPU
		{11599E30-64AE-4A7E-8852-A39AAD597433}.Debug|Any CPU.ActiveCfg = Debug|Any CPU
		{11599E30-64AE-4A7E-8852-A39AAD597433}.Debug|Any CPU.Build.0 = Debug|Any CPU
		{11599E30-64AE-4A7E-8852-A39AAD597433}.Release|Any CPU.ActiveCfg = Release|Any CPU
		{11599E30-64AE-4A7E-8852-A39AAD597433}.Release|Any CPU.Build.0 = Release|Any CPU
		{C5071706-2A8F-45A1-BE4C-5509A35B3BC6}.Debug|Any CPU.ActiveCfg = Debug|Any CPU
		{C5071706-2A8F-45A1-BE4C-5509A35B3BC6}.Debug|Any CPU.Build.0 = Debug|Any CPU
		{C5071706-2A8F-45A1-BE4C-5509A35B3BC6}.Release|Any CPU.ActiveCfg = Release|Any CPU
		{C5071706-2A8F-45A1-BE4C-5509A35B3BC6}.Release|Any CPU.Build.0 = Release|Any CPU
	EndGlobalSection
	GlobalSection(SolutionProperties) = preSolution
		HideSolutionNode = FALSE
	EndGlobalSection
	GlobalSection(ExtensibilityGlobals) = postSolution
		SolutionGuid = {19F1FDBA-D55A-4187-B96A-871F47CBE332}
	EndGlobalSection
EndGlobal
