
Microsoft Visual Studio Solution File, Format Version 12.00
# Visual Studio Version 17
VisualStudioVersion = 17.7.34024.191
MinimumVisualStudioVersion = 10.0.40219.1
Project("{9A19103F-16F7-4668-BE54-9A1E7A4F7556}") = "We.Sell.Bread.API", "We.Sell.Bread.API\We.Sell.Bread.API.csproj", "{D6E2423F-9A7F-482F-ACF9-5093AD4E2FD4}"
EndProject
Project("{9A19103F-16F7-4668-BE54-9A1E7A4F7556}") = "We.Sell.Bread.API.Unit.Tests", "We.Sell.Bread.API.Unit.Tests\We.Sell.Bread.API.Unit.Tests.csproj", "{3ACB0F14-EA00-4E34-AFAB-0365D9747EC6}"
EndProject
Project("{9A19103F-16F7-4668-BE54-9A1E7A4F7556}") = "We.Sell.Bread.API.Integration.Tests", "We.Sell.Bread.API.Integration.Tests\We.Sell.Bread.API.Integration.Tests.csproj", "{0528169F-77A0-478A-8D65-2D5BBE64F48B}"
EndProject
Project("{FAE04EC0-301F-11D3-BF4B-00C04F79EFBC}") = "We.Sell.Bread.Core", "We.Sell.Bread.Core\We.Sell.Bread.Core.csproj", "{602D10A3-32B4-4473-9ED8-1B910292DF9B}"
EndProject
Project("{2150E333-8FDC-42A3-9474-1A3956D46DE8}") = "Tests", "Tests", "{42DE38C5-BAA1-4445-A09B-11699E8F0255}"
EndProject
Global
	GlobalSection(SolutionConfigurationPlatforms) = preSolution
		Debug|Any CPU = Debug|Any CPU
		Release|Any CPU = Release|Any CPU
	EndGlobalSection
	GlobalSection(ProjectConfigurationPlatforms) = postSolution
		{D6E2423F-9A7F-482F-ACF9-5093AD4E2FD4}.Debug|Any CPU.ActiveCfg = Debug|Any CPU
		{D6E2423F-9A7F-482F-ACF9-5093AD4E2FD4}.Debug|Any CPU.Build.0 = Debug|Any CPU
		{D6E2423F-9A7F-482F-ACF9-5093AD4E2FD4}.Release|Any CPU.ActiveCfg = Release|Any CPU
		{D6E2423F-9A7F-482F-ACF9-5093AD4E2FD4}.Release|Any CPU.Build.0 = Release|Any CPU
		{3ACB0F14-EA00-4E34-AFAB-0365D9747EC6}.Debug|Any CPU.ActiveCfg = Debug|Any CPU
		{3ACB0F14-EA00-4E34-AFAB-0365D9747EC6}.Debug|Any CPU.Build.0 = Debug|Any CPU
		{3ACB0F14-EA00-4E34-AFAB-0365D9747EC6}.Release|Any CPU.ActiveCfg = Release|Any CPU
		{3ACB0F14-EA00-4E34-AFAB-0365D9747EC6}.Release|Any CPU.Build.0 = Release|Any CPU
		{0528169F-77A0-478A-8D65-2D5BBE64F48B}.Debug|Any CPU.ActiveCfg = Debug|Any CPU
		{0528169F-77A0-478A-8D65-2D5BBE64F48B}.Debug|Any CPU.Build.0 = Debug|Any CPU
		{0528169F-77A0-478A-8D65-2D5BBE64F48B}.Release|Any CPU.ActiveCfg = Release|Any CPU
		{0528169F-77A0-478A-8D65-2D5BBE64F48B}.Release|Any CPU.Build.0 = Release|Any CPU
		{602D10A3-32B4-4473-9ED8-1B910292DF9B}.Debug|Any CPU.ActiveCfg = Debug|Any CPU
		{602D10A3-32B4-4473-9ED8-1B910292DF9B}.Debug|Any CPU.Build.0 = Debug|Any CPU
		{602D10A3-32B4-4473-9ED8-1B910292DF9B}.Release|Any CPU.ActiveCfg = Release|Any CPU
		{602D10A3-32B4-4473-9ED8-1B910292DF9B}.Release|Any CPU.Build.0 = Release|Any CPU
	EndGlobalSection
	GlobalSection(SolutionProperties) = preSolution
		HideSolutionNode = FALSE
	EndGlobalSection
	GlobalSection(NestedProjects) = preSolution
		{3ACB0F14-EA00-4E34-AFAB-0365D9747EC6} = {42DE38C5-BAA1-4445-A09B-11699E8F0255}
		{0528169F-77A0-478A-8D65-2D5BBE64F48B} = {42DE38C5-BAA1-4445-A09B-11699E8F0255}
	EndGlobalSection
	GlobalSection(ExtensibilityGlobals) = postSolution
		SolutionGuid = {19F1FDBA-D55A-4187-B96A-871F47CBE332}
	EndGlobalSection
EndGlobal
