
Microsoft Visual Studio Solution File, Format Version 12.00
# Visual Studio Version 17
VisualStudioVersion = 17.7.34024.191
MinimumVisualStudioVersion = 10.0.40219.1
Project("{9A19103F-16F7-4668-BE54-9A1E7A4F7556}") = "We.Sell.Bread.API", "We.Sell.Bread.API\We.Sell.Bread.API.csproj", "{D6E2423F-9A7F-482F-ACF9-5093AD4E2FD4}"
EndProject
Project("{9A19103F-16F7-4668-BE54-9A1E7A4F7556}") = "We.Sell.Bread.Domain", "We.Sell.Bread.Domain\We.Sell.Bread.Domain.csproj", "{6657F468-DF94-4606-A944-A12B6BECBDC6}"
EndProject
Project("{9A19103F-16F7-4668-BE54-9A1E7A4F7556}") = "We.Sell.Bread.Infrastructure", "We.Sell.Bread.Infrastructure\We.Sell.Bread.Infrastructure.csproj", "{BAC4D6B0-EE8C-4B1B-AE85-0DEBA873005B}"
EndProject
Project("{9A19103F-16F7-4668-BE54-9A1E7A4F7556}") = "We.Sell.Bread.API.Unit.Tests", "We.Sell.Bread.API.Unit.Tests\We.Sell.Bread.API.Unit.Tests.csproj", "{3ACB0F14-EA00-4E34-AFAB-0365D9747EC6}"
EndProject
Project("{9A19103F-16F7-4668-BE54-9A1E7A4F7556}") = "We.Sell.Bread.API.Integration.Tests", "We.Sell.Bread.API.Integration.Tests\We.Sell.Bread.API.Integration.Tests.csproj", "{0528169F-77A0-478A-8D65-2D5BBE64F48B}"
EndProject
Global
	GlobalSection(SolutionConfigurationPlatforms) = preSolution
		Debug|Any CPU = Debug|Any CPU
		Release|Any CPU = Release|Any CPU
	EndGlobalSection
	GlobalSection(ProjectConfigurationPlatforms) = postSolution
		{D6E2423F-9A7F-482F-ACF9-5093AD4E2FD4}.Debug|Any CPU.ActiveCfg = Debug|Any CPU
		{D6E2423F-9A7F-482F-ACF9-5093AD4E2FD4}.Debug|Any CPU.Build.0 = Debug|Any CPU
		{D6E2423F-9A7F-482F-ACF9-5093AD4E2FD4}.Release|Any CPU.ActiveCfg = Release|Any CPU
		{D6E2423F-9A7F-482F-ACF9-5093AD4E2FD4}.Release|Any CPU.Build.0 = Release|Any CPU
		{6657F468-DF94-4606-A944-A12B6BECBDC6}.Debug|Any CPU.ActiveCfg = Debug|Any CPU
		{6657F468-DF94-4606-A944-A12B6BECBDC6}.Debug|Any CPU.Build.0 = Debug|Any CPU
		{6657F468-DF94-4606-A944-A12B6BECBDC6}.Release|Any CPU.ActiveCfg = Release|Any CPU
		{6657F468-DF94-4606-A944-A12B6BECBDC6}.Release|Any CPU.Build.0 = Release|Any CPU
		{BAC4D6B0-EE8C-4B1B-AE85-0DEBA873005B}.Debug|Any CPU.ActiveCfg = Debug|Any CPU
		{BAC4D6B0-EE8C-4B1B-AE85-0DEBA873005B}.Debug|Any CPU.Build.0 = Debug|Any CPU
		{BAC4D6B0-EE8C-4B1B-AE85-0DEBA873005B}.Release|Any CPU.ActiveCfg = Release|Any CPU
		{BAC4D6B0-EE8C-4B1B-AE85-0DEBA873005B}.Release|Any CPU.Build.0 = Release|Any CPU
		{3ACB0F14-EA00-4E34-AFAB-0365D9747EC6}.Debug|Any CPU.ActiveCfg = Debug|Any CPU
		{3ACB0F14-EA00-4E34-AFAB-0365D9747EC6}.Debug|Any CPU.Build.0 = Debug|Any CPU
		{3ACB0F14-EA00-4E34-AFAB-0365D9747EC6}.Release|Any CPU.ActiveCfg = Release|Any CPU
		{3ACB0F14-EA00-4E34-AFAB-0365D9747EC6}.Release|Any CPU.Build.0 = Release|Any CPU
		{0528169F-77A0-478A-8D65-2D5BBE64F48B}.Debug|Any CPU.ActiveCfg = Debug|Any CPU
		{0528169F-77A0-478A-8D65-2D5BBE64F48B}.Debug|Any CPU.Build.0 = Debug|Any CPU
		{0528169F-77A0-478A-8D65-2D5BBE64F48B}.Release|Any CPU.ActiveCfg = Release|Any CPU
		{0528169F-77A0-478A-8D65-2D5BBE64F48B}.Release|Any CPU.Build.0 = Release|Any CPU
	EndGlobalSection
	GlobalSection(SolutionProperties) = preSolution
		HideSolutionNode = FALSE
	EndGlobalSection
	GlobalSection(ExtensibilityGlobals) = postSolution
		SolutionGuid = {19F1FDBA-D55A-4187-B96A-871F47CBE332}
	EndGlobalSection
EndGlobal
